
Microsoft Visual Studio Solution File, Format Version 12.00
# Visual Studio Version 17
VisualStudioVersion = 17.14.36511.14
MinimumVisualStudioVersion = 10.0.40219.1
Project("{FAE04EC0-301F-11D3-BF4B-00C04F79EFBC}") = "ConsoleGuessWho", "ConsoleGuessWho\ConsoleGuessWho.csproj", "{FD5BC17D-FF8F-4084-B654-ED5634CAED06}"
EndProject
Project("{FAE04EC0-301F-11D3-BF4B-00C04F79EFBC}") = "ClassLibraryGuessWho", "ClassLibraryGuessWho\ClassLibraryGuessWho.csproj", "{728D9EDC-629D-4716-926D-C4493DA16C7F}"
EndProject
Project("{FAE04EC0-301F-11D3-BF4B-00C04F79EFBC}") = "WcfServiceLibraryGuessWho", "WcfServiceLibraryGuessWho\WcfServiceLibraryGuessWho.csproj", "{BE89004B-A0AF-4A7B-A4C9-A712EAB8B994}"
EndProject
Global
	GlobalSection(SolutionConfigurationPlatforms) = preSolution
		Debug|Any CPU = Debug|Any CPU
		Release|Any CPU = Release|Any CPU
	EndGlobalSection
	GlobalSection(ProjectConfigurationPlatforms) = postSolution
		{FD5BC17D-FF8F-4084-B654-ED5634CAED06}.Debug|Any CPU.ActiveCfg = Debug|Any CPU
		{FD5BC17D-FF8F-4084-B654-ED5634CAED06}.Debug|Any CPU.Build.0 = Debug|Any CPU
		{FD5BC17D-FF8F-4084-B654-ED5634CAED06}.Release|Any CPU.ActiveCfg = Release|Any CPU
		{FD5BC17D-FF8F-4084-B654-ED5634CAED06}.Release|Any CPU.Build.0 = Release|Any CPU
		{728D9EDC-629D-4716-926D-C4493DA16C7F}.Debug|Any CPU.ActiveCfg = Debug|Any CPU
		{728D9EDC-629D-4716-926D-C4493DA16C7F}.Debug|Any CPU.Build.0 = Debug|Any CPU
		{728D9EDC-629D-4716-926D-C4493DA16C7F}.Release|Any CPU.ActiveCfg = Release|Any CPU
		{728D9EDC-629D-4716-926D-C4493DA16C7F}.Release|Any CPU.Build.0 = Release|Any CPU
		{BE89004B-A0AF-4A7B-A4C9-A712EAB8B994}.Debug|Any CPU.ActiveCfg = Debug|Any CPU
		{BE89004B-A0AF-4A7B-A4C9-A712EAB8B994}.Debug|Any CPU.Build.0 = Debug|Any CPU
		{BE89004B-A0AF-4A7B-A4C9-A712EAB8B994}.Release|Any CPU.ActiveCfg = Release|Any CPU
		{BE89004B-A0AF-4A7B-A4C9-A712EAB8B994}.Release|Any CPU.Build.0 = Release|Any CPU
	EndGlobalSection
	GlobalSection(SolutionProperties) = preSolution
		HideSolutionNode = FALSE
	EndGlobalSection
	GlobalSection(ExtensibilityGlobals) = postSolution
		SolutionGuid = {D25AAE29-A037-4871-8ED8-7F46AF20CC5D}
	EndGlobalSection
EndGlobal
